
Microsoft Visual Studio Solution File, Format Version 12.00
# Visual Studio Version 16
VisualStudioVersion = 16.0.31729.503
MinimumVisualStudioVersion = 10.0.40219.1
Project("{FAE04EC0-301F-11D3-BF4B-00C04F79EFBC}") = "InductionQA", "InductionQA\InductionQA.csproj", "{B39070C9-62C0-4272-BACE-05A772DBA813}"
EndProject
Project("{FAE04EC0-301F-11D3-BF4B-00C04F79EFBC}") = "InductionQA.Specs", "InductionQA.Specs\InductionQA.Specs.csproj", "{B0B55FD1-6C9C-41A3-B8AA-7A84CA2DB152}"
EndProject
Global
	GlobalSection(SolutionConfigurationPlatforms) = preSolution
		Debug|Any CPU = Debug|Any CPU
		Release|Any CPU = Release|Any CPU
	EndGlobalSection
	GlobalSection(ProjectConfigurationPlatforms) = postSolution
		{B39070C9-62C0-4272-BACE-05A772DBA813}.Debug|Any CPU.ActiveCfg = Debug|Any CPU
		{B39070C9-62C0-4272-BACE-05A772DBA813}.Debug|Any CPU.Build.0 = Debug|Any CPU
		{B39070C9-62C0-4272-BACE-05A772DBA813}.Release|Any CPU.ActiveCfg = Release|Any CPU
		{B39070C9-62C0-4272-BACE-05A772DBA813}.Release|Any CPU.Build.0 = Release|Any CPU
		{B0B55FD1-6C9C-41A3-B8AA-7A84CA2DB152}.Debug|Any CPU.ActiveCfg = Debug|Any CPU
		{B0B55FD1-6C9C-41A3-B8AA-7A84CA2DB152}.Debug|Any CPU.Build.0 = Debug|Any CPU
		{B0B55FD1-6C9C-41A3-B8AA-7A84CA2DB152}.Release|Any CPU.ActiveCfg = Release|Any CPU
		{B0B55FD1-6C9C-41A3-B8AA-7A84CA2DB152}.Release|Any CPU.Build.0 = Release|Any CPU
	EndGlobalSection
	GlobalSection(SolutionProperties) = preSolution
		HideSolutionNode = FALSE
	EndGlobalSection
	GlobalSection(ExtensibilityGlobals) = postSolution
		SolutionGuid = {A6CDE7B8-348B-495F-B089-D99E80A0D104}
	EndGlobalSection
EndGlobal
